
Microsoft Visual Studio Solution File, Format Version 12.00
# Visual Studio Version 17
VisualStudioVersion = 17.4.33403.182
MinimumVisualStudioVersion = 10.0.40219.1
Project("{888888A0-9F3D-457C-B088-3A5042F75D52}") = "note2", "note2\note2.pyproj", "{AE60D37F-78A5-4FF0-B96F-ABBAC1FB1279}"
EndProject
Global
	GlobalSection(SolutionConfigurationPlatforms) = preSolution
		Debug|Any CPU = Debug|Any CPU
		Release|Any CPU = Release|Any CPU
	EndGlobalSection
	GlobalSection(ProjectConfigurationPlatforms) = postSolution
		{AE60D37F-78A5-4FF0-B96F-ABBAC1FB1279}.Debug|Any CPU.ActiveCfg = Debug|Any CPU
		{AE60D37F-78A5-4FF0-B96F-ABBAC1FB1279}.Release|Any CPU.ActiveCfg = Release|Any CPU
	EndGlobalSection
	GlobalSection(SolutionProperties) = preSolution
		HideSolutionNode = FALSE
	EndGlobalSection
	GlobalSection(ExtensibilityGlobals) = postSolution
		SolutionGuid = {BF0E9DCC-A256-45AA-9847-8F329EE27DA0}
	EndGlobalSection
EndGlobal
